<?xml version="1.0" encoding="utf-8"?>
<Project ToolsVersion="4.0" xmlns="http://schemas.microsoft.com/developer/msbuild/2003">
  <ItemGroup>
    <Filter Include="Resource Files">
      <UniqueIdentifier>{67DA6AB6-F800-4c08-8B7A-83BB121AAD01}</UniqueIdentifier>
      <Extensions>rc;ico;cur;bmp;dlg;rc2;rct;bin;rgs;gif;jpg;jpeg;jpe;resx;tiff;tif;png;wav;mfcribbon-ms</Extensions>
    </Filter>
    <Filter Include="BoardGame_SDK">
      <UniqueIdentifier>{1b6871a6-289a-4667-9d42-5e554063688c}</UniqueIdentifier>
    </Filter>
    <Filter Include="MathUtilities">
      <UniqueIdentifier>{66bf0663-a49a-47c2-b09a-1581b32b121f}</UniqueIdentifier>
    </Filter>
    <Filter Include="BoardGame">
      <UniqueIdentifier>{93995380-89BD-4b04-88EB-625FBE52EBFB}</UniqueIdentifier>
      <Extensions>h;hh;hpp;hxx;hm;inl;inc;xsd</Extensions>
    </Filter>
  </ItemGroup>
  <ItemGroup>
    <Text Include="ReadMe.txt" />
  </ItemGroup>
  <ItemGroup>
    <ClInclude Include="stdafx.h">
      <Filter>BoardGame</Filter>
    </ClInclude>
    <ClInclude Include="targetver.h">
      <Filter>BoardGame</Filter>
    </ClInclude>
    <ClInclude Include="include\BoardGame.h">
      <Filter>BoardGame_SDK</Filter>
    </ClInclude>
    <ClInclude Include="RandomNumber.h">
      <Filter>MathUtilities</Filter>
    </ClInclude>
    <ClInclude Include="RandomNumberI.h">
      <Filter>MathUtilities</Filter>
    </ClInclude>
  </ItemGroup>
  <ItemGroup>
    <ClCompile Include="stdafx.cpp">
      <Filter>BoardGame</Filter>
    </ClCompile>
    <ClCompile Include="BoardGame.cpp">
      <Filter>BoardGame</Filter>
    </ClCompile>
    <ClCompile Include="dllmain.cpp">
      <Filter>BoardGame</Filter>
    </ClCompile>
    <ClCompile Include="RandomNumber.cpp">
      <Filter>MathUtilities</Filter>
    </ClCompile>
  </ItemGroup>
</Project>