<?xml version="1.0" encoding="utf-8"?>
<Project ToolsVersion="4.0" xmlns="http://schemas.microsoft.com/developer/msbuild/2003">
  <ItemGroup>
    <Filter Include="Resource Files">
      <UniqueIdentifier>{67DA6AB6-F800-4c08-8B7A-83BB121AAD01}</UniqueIdentifier>
      <Extensions>rc;ico;cur;bmp;dlg;rc2;rct;bin;rgs;gif;jpg;jpeg;jpe;resx;tiff;tif;png;wav;mfcribbon-ms</Extensions>
    </Filter>
    <Filter Include="BoardGameTests">
      <UniqueIdentifier>{93995380-89BD-4b04-88EB-625FBE52EBFB}</UniqueIdentifier>
      <Extensions>h;hh;hpp;hxx;hm;inl;inc;xsd</Extensions>
    </Filter>
    <Filter Include="BoardGameTests\MathUtilsTests">
      <UniqueIdentifier>{ad29fdce-0e0a-4fd1-8480-893dd7324d30}</UniqueIdentifier>
    </Filter>
    <Filter Include="BoardGameInclude">
      <UniqueIdentifier>{9fa72843-a07e-4868-9da4-5eb01f469ec3}</UniqueIdentifier>
    </Filter>
  </ItemGroup>
  <ItemGroup>
    <Text Include="ReadMe.txt" />
  </ItemGroup>
  <ItemGroup>
    <ClInclude Include="stdafx.h">
      <Filter>BoardGameTests</Filter>
    </ClInclude>
    <ClInclude Include="targetver.h">
      <Filter>BoardGameTests</Filter>
    </ClInclude>
    <ClInclude Include="..\BoardGame\RandomNumber.h">
      <Filter>BoardGameInclude</Filter>
    </ClInclude>
  </ItemGroup>
  <ItemGroup>
    <ClCompile Include="BoardGameTests.cpp">
      <Filter>BoardGameTests</Filter>
    </ClCompile>
    <ClCompile Include="stdafx.cpp">
      <Filter>BoardGameTests</Filter>
    </ClCompile>
    <ClCompile Include="RandomNumberTests.cpp">
      <Filter>BoardGameTests\MathUtilsTests</Filter>
    </ClCompile>
    <ClCompile Include="..\BoardGame\RandomNumber.cpp">
      <Filter>BoardGameInclude</Filter>
    </ClCompile>
  </ItemGroup>
</Project>